
Microsoft Visual Studio Solution File, Format Version 12.00
# Visual Studio 14
VisualStudioVersion = 14.0.25420.1
MinimumVisualStudioVersion = 10.0.40219.1
Project("{FAE04EC0-301F-11D3-BF4B-00C04F79EFBC}") = "MatrixLib", "MatrixLib\MatrixLib.csproj", "{C29E4C41-DC7C-4429-9C73-8F731C3886DC}"
EndProject
Project("{FAE04EC0-301F-11D3-BF4B-00C04F79EFBC}") = "MatrixUtills", "MatrixUtills\MatrixUtills.csproj", "{C6B471B0-627F-4C9A-A9D1-42A6587E24A0}"
EndProject
Global
	GlobalSection(SolutionConfigurationPlatforms) = preSolution
		Debug|Any CPU = Debug|Any CPU
		Release|Any CPU = Release|Any CPU
	EndGlobalSection
	GlobalSection(ProjectConfigurationPlatforms) = postSolution
		{C29E4C41-DC7C-4429-9C73-8F731C3886DC}.Debug|Any CPU.ActiveCfg = Debug|Any CPU
		{C29E4C41-DC7C-4429-9C73-8F731C3886DC}.Debug|Any CPU.Build.0 = Debug|Any CPU
		{C29E4C41-DC7C-4429-9C73-8F731C3886DC}.Release|Any CPU.ActiveCfg = Release|Any CPU
		{C29E4C41-DC7C-4429-9C73-8F731C3886DC}.Release|Any CPU.Build.0 = Release|Any CPU
		{C6B471B0-627F-4C9A-A9D1-42A6587E24A0}.Debug|Any CPU.ActiveCfg = Debug|Any CPU
		{C6B471B0-627F-4C9A-A9D1-42A6587E24A0}.Debug|Any CPU.Build.0 = Debug|Any CPU
		{C6B471B0-627F-4C9A-A9D1-42A6587E24A0}.Release|Any CPU.ActiveCfg = Release|Any CPU
		{C6B471B0-627F-4C9A-A9D1-42A6587E24A0}.Release|Any CPU.Build.0 = Release|Any CPU
	EndGlobalSection
	GlobalSection(SolutionProperties) = preSolution
		HideSolutionNode = FALSE
	EndGlobalSection
EndGlobal
